
Microsoft Visual Studio Solution File, Format Version 12.00
# Visual Studio Version 17
VisualStudioVersion = 17.5.33516.290
MinimumVisualStudioVersion = 10.0.40219.1
Project("{9A19103F-16F7-4668-BE54-9A1E7A4F7556}") = "ControlLibrary", "ControlLibrary\ControlLibrary.csproj", "{CAC6CC93-2A86-4930-A014-4BF89D55F0C1}"
EndProject
Project("{9A19103F-16F7-4668-BE54-9A1E7A4F7556}") = "ControlUserInterface", "ControlUserInterface\ControlUserInterface.csproj", "{CE864138-17AD-40DC-AD62-0990FF5E475A}"
EndProject
Project("{FAE04EC0-301F-11D3-BF4B-00C04F79EFBC}") = "TorqueControllerEmulatorUI", "TorqueControllerEmulator\TorqueControllerEmulatorUI.csproj", "{69C71AB6-8F1E-497C-8F11-D3E77F93DFA7}"
EndProject
Project("{FAE04EC0-301F-11D3-BF4B-00C04F79EFBC}") = "TorqueControllerEmulatorLibrary", "TorqueControllerEmulatorLibrary\TorqueControllerEmulatorLibrary.csproj", "{E7BDC1CB-5AE2-42C9-AB0D-8266947993FA}"
EndProject
Global
	GlobalSection(SolutionConfigurationPlatforms) = preSolution
		Debug|Any CPU = Debug|Any CPU
		Release|Any CPU = Release|Any CPU
	EndGlobalSection
	GlobalSection(ProjectConfigurationPlatforms) = postSolution
		{CAC6CC93-2A86-4930-A014-4BF89D55F0C1}.Debug|Any CPU.ActiveCfg = Debug|Any CPU
		{CAC6CC93-2A86-4930-A014-4BF89D55F0C1}.Debug|Any CPU.Build.0 = Debug|Any CPU
		{CAC6CC93-2A86-4930-A014-4BF89D55F0C1}.Release|Any CPU.ActiveCfg = Release|Any CPU
		{CAC6CC93-2A86-4930-A014-4BF89D55F0C1}.Release|Any CPU.Build.0 = Release|Any CPU
		{CE864138-17AD-40DC-AD62-0990FF5E475A}.Debug|Any CPU.ActiveCfg = Debug|Any CPU
		{CE864138-17AD-40DC-AD62-0990FF5E475A}.Debug|Any CPU.Build.0 = Debug|Any CPU
		{CE864138-17AD-40DC-AD62-0990FF5E475A}.Release|Any CPU.ActiveCfg = Release|Any CPU
		{CE864138-17AD-40DC-AD62-0990FF5E475A}.Release|Any CPU.Build.0 = Release|Any CPU
		{69C71AB6-8F1E-497C-8F11-D3E77F93DFA7}.Debug|Any CPU.ActiveCfg = Debug|Any CPU
		{69C71AB6-8F1E-497C-8F11-D3E77F93DFA7}.Debug|Any CPU.Build.0 = Debug|Any CPU
		{69C71AB6-8F1E-497C-8F11-D3E77F93DFA7}.Release|Any CPU.ActiveCfg = Release|Any CPU
		{69C71AB6-8F1E-497C-8F11-D3E77F93DFA7}.Release|Any CPU.Build.0 = Release|Any CPU
		{E7BDC1CB-5AE2-42C9-AB0D-8266947993FA}.Debug|Any CPU.ActiveCfg = Debug|Any CPU
		{E7BDC1CB-5AE2-42C9-AB0D-8266947993FA}.Debug|Any CPU.Build.0 = Debug|Any CPU
		{E7BDC1CB-5AE2-42C9-AB0D-8266947993FA}.Release|Any CPU.ActiveCfg = Release|Any CPU
		{E7BDC1CB-5AE2-42C9-AB0D-8266947993FA}.Release|Any CPU.Build.0 = Release|Any CPU
	EndGlobalSection
	GlobalSection(SolutionProperties) = preSolution
		HideSolutionNode = FALSE
	EndGlobalSection
	GlobalSection(ExtensibilityGlobals) = postSolution
		SolutionGuid = {1EF09909-E881-494B-A846-8AFB38D791F4}
	EndGlobalSection
EndGlobal
